version = 1
requires-python = ">=3.12"

[[package]]
name = "mock-alpaca-ws"
version = "0.1.0"
source = { editable = "." }
dependencies = [
    { name = "polars" },
]

[package.metadata]
requires-dist = [{ name = "polars", specifier = ">=1.22.0" }]

[[package]]
name = "polars"
version = "1.22.0"
source = { registry = "https://pypi.org/simple" }
sdist = { url = "https://files.pythonhosted.org/packages/62/f8/148964866c43e6c9d2440da69149cedaca8ad799efbeba1f2bd58c48d95f/polars-1.22.0.tar.gz", hash = "sha256:8d94ae25085d92de10d93ab6a06c94f8c911bd5d9c1ff17cd1073a9dca766029", size = 4399700 }
wheels = [
    { url = "https://files.pythonhosted.org/packages/75/59/ff6185f1cd3898a655fb69571986433adec80c5fe5dbd37edf1025dbbd17/polars-1.22.0-cp39-abi3-macosx_10_12_x86_64.whl", hash = "sha256:6250f838b916fab23ccafe90928d7952afc328d316c956b42d152b20c86ffd9c", size = 32294750 },
    { url = "https://files.pythonhosted.org/packages/4e/89/ac9178aaf4bfce1087d311ddf540b259a517b584a62ba75dfd114a38e049/polars-1.22.0-cp39-abi3-macosx_11_0_arm64.whl", hash = "sha256:5ee3cf3783205709ce31f070f2b4ee4296fec08f2c744a9c37acc7d360121022", size = 29145077 },
    { url = "https://files.pythonhosted.org/packages/91/b6/d7967ca14b8bacf7d3db96b55213571c43443f8802229606cca60458780b/polars-1.22.0-cp39-abi3-manylinux_2_17_x86_64.manylinux2014_x86_64.whl", hash = "sha256:94f25b4ef131da046d05b8235c5f29997630ee2125ebc0553b92258e88f7a8fa", size = 32885965 },
    { url = "https://files.pythonhosted.org/packages/a2/ae/c014bcb259757acd9081b4db76d19157c8978cb6eeb864f80ac0544e85cd/polars-1.22.0-cp39-abi3-manylinux_2_24_aarch64.whl", hash = "sha256:729e6be8a884812a206518195a2fb407b61962323886095ede1a2a934cdb1410", size = 30165643 },
    { url = "https://files.pythonhosted.org/packages/82/ef/2a13676be0f0cfa23f1899855d8342b303cc46111126b770cdacc7fd804d/polars-1.22.0-cp39-abi3-win_amd64.whl", hash = "sha256:78b8bcd1735e9376815d117aeae49391441b2199b5a70a300669d692b34ec713", size = 33179742 },
    { url = "https://files.pythonhosted.org/packages/79/ae/f46ff902e5ad0d3ce377902ae8ff65eaac23d9aba3c6bcb3b38ce22f5544/polars-1.22.0-cp39-abi3-win_arm64.whl", hash = "sha256:cde8f56c408151ab9790c43485b90f690d5c198ce26ab38a845045c73c999325", size = 29458831 },
]
